
Microsoft Visual Studio Solution File, Format Version 12.00
# Visual Studio Version 17
VisualStudioVersion = 17.3.32901.215
MinimumVisualStudioVersion = 10.0.40219.1
Project("{FAE04EC0-301F-11D3-BF4B-00C04F79EFBC}") = "Exercicios 2", "Exercicios 2\Exercicios 2.csproj", "{B0BDC4E7-FE9E-4CD1-B7D9-74253C2F0EE1}"
EndProject
Global
	GlobalSection(SolutionConfigurationPlatforms) = preSolution
		Debug|Any CPU = Debug|Any CPU
		Release|Any CPU = Release|Any CPU
	EndGlobalSection
	GlobalSection(ProjectConfigurationPlatforms) = postSolution
		{B0BDC4E7-FE9E-4CD1-B7D9-74253C2F0EE1}.Debug|Any CPU.ActiveCfg = Debug|Any CPU
		{B0BDC4E7-FE9E-4CD1-B7D9-74253C2F0EE1}.Debug|Any CPU.Build.0 = Debug|Any CPU
		{B0BDC4E7-FE9E-4CD1-B7D9-74253C2F0EE1}.Release|Any CPU.ActiveCfg = Release|Any CPU
		{B0BDC4E7-FE9E-4CD1-B7D9-74253C2F0EE1}.Release|Any CPU.Build.0 = Release|Any CPU
	EndGlobalSection
	GlobalSection(SolutionProperties) = preSolution
		HideSolutionNode = FALSE
	EndGlobalSection
	GlobalSection(ExtensibilityGlobals) = postSolution
		SolutionGuid = {98540478-7A54-4C68-A4C7-F0E9FE963301}
	EndGlobalSection
EndGlobal
